// !$*UTF8*$!
{
	archiveVersion = 1;
	classes = {
	};
	objectVersion = 56;
	objects = {

/* Begin PBXBuildFile section */
		390ED63E293A813F00F2BD1F /* AppDelegate.swift in Sources */ = {isa = PBXBuildFile; fileRef = 390ED63D293A813F00F2BD1F /* AppDelegate.swift */; };
		390ED640293A813F00F2BD1F /* SceneDelegate.swift in Sources */ = {isa = PBXBuildFile; fileRef = 390ED63F293A813F00F2BD1F /* SceneDelegate.swift */; };
		390ED642293A813F00F2BD1F /* MainWeatherViewController.swift in Sources */ = {isa = PBXBuildFile; fileRef = 390ED641293A813F00F2BD1F /* MainWeatherViewController.swift */; };
		390ED647293A814000F2BD1F /* Assets.xcassets in Resources */ = {isa = PBXBuildFile; fileRef = 390ED646293A814000F2BD1F /* Assets.xcassets */; };
		390ED64A293A814000F2BD1F /* LaunchScreen.storyboard in Resources */ = {isa = PBXBuildFile; fileRef = 390ED648293A814000F2BD1F /* LaunchScreen.storyboard */; };
		390ED655293A94DC00F2BD1F /* UIView + Extension .swift in Sources */ = {isa = PBXBuildFile; fileRef = 390ED654293A94DC00F2BD1F /* UIView + Extension .swift */; };
		390ED65B293BEA9100F2BD1F /* TestTaskJSON.json in Resources */ = {isa = PBXBuildFile; fileRef = 390ED65A293BEA9100F2BD1F /* TestTaskJSON.json */; };
		390ED65D293BEBD000F2BD1F /* WeatherModel.swift in Sources */ = {isa = PBXBuildFile; fileRef = 390ED65C293BEBD000F2BD1F /* WeatherModel.swift */; };
		390ED660293C0CF600F2BD1F /* DataManager.swift in Sources */ = {isa = PBXBuildFile; fileRef = 390ED65F293C0CF600F2BD1F /* DataManager.swift */; };
		390ED662293C173900F2BD1F /* WeatherPresenter.swift in Sources */ = {isa = PBXBuildFile; fileRef = 390ED661293C173900F2BD1F /* WeatherPresenter.swift */; };
/* End PBXBuildFile section */

/* Begin PBXFileReference section */
		390ED63A293A813F00F2BD1F /* WeatherForecast.app */ = {isa = PBXFileReference; explicitFileType = wrapper.application; includeInIndex = 0; path = WeatherForecast.app; sourceTree = BUILT_PRODUCTS_DIR; };
		390ED63D293A813F00F2BD1F /* AppDelegate.swift */ = {isa = PBXFileReference; lastKnownFileType = sourcecode.swift; path = AppDelegate.swift; sourceTree = "<group>"; };
		390ED63F293A813F00F2BD1F /* SceneDelegate.swift */ = {isa = PBXFileReference; lastKnownFileType = sourcecode.swift; path = SceneDelegate.swift; sourceTree = "<group>"; };
		390ED641293A813F00F2BD1F /* MainWeatherViewController.swift */ = {isa = PBXFileReference; lastKnownFileType = sourcecode.swift; path = MainWeatherViewController.swift; sourceTree = "<group>"; };
		390ED646293A814000F2BD1F /* Assets.xcassets */ = {isa = PBXFileReference; lastKnownFileType = folder.assetcatalog; path = Assets.xcassets; sourceTree = "<group>"; };
		390ED649293A814000F2BD1F /* Base */ = {isa = PBXFileReference; lastKnownFileType = file.storyboard; name = Base; path = Base.lproj/LaunchScreen.storyboard; sourceTree = "<group>"; };
		390ED64B293A814000F2BD1F /* Info.plist */ = {isa = PBXFileReference; lastKnownFileType = text.plist.xml; path = Info.plist; sourceTree = "<group>"; };
		390ED654293A94DC00F2BD1F /* UIView + Extension .swift */ = {isa = PBXFileReference; lastKnownFileType = sourcecode.swift; path = "UIView + Extension .swift"; sourceTree = "<group>"; };
		390ED65A293BEA9100F2BD1F /* TestTaskJSON.json */ = {isa = PBXFileReference; fileEncoding = 4; lastKnownFileType = text.json; path = TestTaskJSON.json; sourceTree = "<group>"; };
		390ED65C293BEBD000F2BD1F /* WeatherModel.swift */ = {isa = PBXFileReference; lastKnownFileType = sourcecode.swift; path = WeatherModel.swift; sourceTree = "<group>"; };
		390ED65F293C0CF600F2BD1F /* DataManager.swift */ = {isa = PBXFileReference; lastKnownFileType = sourcecode.swift; path = DataManager.swift; sourceTree = "<group>"; };
		390ED661293C173900F2BD1F /* WeatherPresenter.swift */ = {isa = PBXFileReference; lastKnownFileType = sourcecode.swift; path = WeatherPresenter.swift; sourceTree = "<group>"; };
/* End PBXFileReference section */

/* Begin PBXFrameworksBuildPhase section */
		390ED637293A813F00F2BD1F /* Frameworks */ = {
			isa = PBXFrameworksBuildPhase;
			buildActionMask = 2147483647;
			files = (
			);
			runOnlyForDeploymentPostprocessing = 0;
		};
/* End PBXFrameworksBuildPhase section */

/* Begin PBXGroup section */
		390ED631293A813F00F2BD1F = {
			isa = PBXGroup;
			children = (
				390ED63C293A813F00F2BD1F /* WeatherForecast */,
				390ED63B293A813F00F2BD1F /* Products */,
			);
			sourceTree = "<group>";
		};
		390ED63B293A813F00F2BD1F /* Products */ = {
			isa = PBXGroup;
			children = (
				390ED63A293A813F00F2BD1F /* WeatherForecast.app */,
			);
			name = Products;
			sourceTree = "<group>";
		};
		390ED63C293A813F00F2BD1F /* WeatherForecast */ = {
			isa = PBXGroup;
			children = (
				390ED651293A83B900F2BD1F /* Application */,
				390ED656293BDF6000F2BD1F /* MVP */,
				390ED653293A949700F2BD1F /* Helpers */,
				390ED652293A848E00F2BD1F /* Resources */,
				390ED648293A814000F2BD1F /* LaunchScreen.storyboard */,
			);
			path = WeatherForecast;
			sourceTree = "<group>";
		};
		390ED651293A83B900F2BD1F /* Application */ = {
			isa = PBXGroup;
			children = (
				390ED63D293A813F00F2BD1F /* AppDelegate.swift */,
				390ED63F293A813F00F2BD1F /* SceneDelegate.swift */,
				390ED64B293A814000F2BD1F /* Info.plist */,
			);
			path = Application;
			sourceTree = "<group>";
		};
		390ED652293A848E00F2BD1F /* Resources */ = {
			isa = PBXGroup;
			children = (
				390ED646293A814000F2BD1F /* Assets.xcassets */,
				390ED65A293BEA9100F2BD1F /* TestTaskJSON.json */,
			);
			path = Resources;
			sourceTree = "<group>";
		};
		390ED653293A949700F2BD1F /* Helpers */ = {
			isa = PBXGroup;
			children = (
				390ED654293A94DC00F2BD1F /* UIView + Extension .swift */,
			);
			path = Helpers;
			sourceTree = "<group>";
		};
		390ED656293BDF6000F2BD1F /* MVP */ = {
			isa = PBXGroup;
			children = (
				390ED65E293C0CDB00F2BD1F /* DataManager */,
				390ED658293BDFB900F2BD1F /* Presenters */,
				390ED657293BDF8200F2BD1F /* Views */,
				390ED659293BDFCC00F2BD1F /* Models */,
			);
			path = MVP;
			sourceTree = "<group>";
		};
		390ED657293BDF8200F2BD1F /* Views */ = {
			isa = PBXGroup;
			children = (
				390ED641293A813F00F2BD1F /* MainWeatherViewController.swift */,
			);
			path = Views;
			sourceTree = "<group>";
		};
		390ED658293BDFB900F2BD1F /* Presenters */ = {
			isa = PBXGroup;
			children = (
				390ED661293C173900F2BD1F /* WeatherPresenter.swift */,
			);
			path = Presenters;
			sourceTree = "<group>";
		};
		390ED659293BDFCC00F2BD1F /* Models */ = {
			isa = PBXGroup;
			children = (
				390ED65C293BEBD000F2BD1F /* WeatherModel.swift */,
			);
			path = Models;
			sourceTree = "<group>";
		};
		390ED65E293C0CDB00F2BD1F /* DataManager */ = {
			isa = PBXGroup;
			children = (
				390ED65F293C0CF600F2BD1F /* DataManager.swift */,
			);
			path = DataManager;
			sourceTree = "<group>";
		};
/* End PBXGroup section */

/* Begin PBXNativeTarget section */
		390ED639293A813F00F2BD1F /* WeatherForecast */ = {
			isa = PBXNativeTarget;
			buildConfigurationList = 390ED64E293A814000F2BD1F /* Build configuration list for PBXNativeTarget "WeatherForecast" */;
			buildPhases = (
				390ED636293A813F00F2BD1F /* Sources */,
				390ED637293A813F00F2BD1F /* Frameworks */,
				390ED638293A813F00F2BD1F /* Resources */,
			);
			buildRules = (
			);
			dependencies = (
			);
			name = WeatherForecast;
			productName = WeatherForecast;
			productReference = 390ED63A293A813F00F2BD1F /* WeatherForecast.app */;
			productType = "com.apple.product-type.application";
		};
/* End PBXNativeTarget section */

/* Begin PBXProject section */
		390ED632293A813F00F2BD1F /* Project object */ = {
			isa = PBXProject;
			attributes = {
				BuildIndependentTargetsInParallel = 1;
				LastSwiftUpdateCheck = 1410;
				LastUpgradeCheck = 1410;
				TargetAttributes = {
					390ED639293A813F00F2BD1F = {
						CreatedOnToolsVersion = 14.1;
					};
				};
			};
			buildConfigurationList = 390ED635293A813F00F2BD1F /* Build configuration list for PBXProject "WeatherForecast" */;
			compatibilityVersion = "Xcode 14.0";
			developmentRegion = en;
			hasScannedForEncodings = 0;
			knownRegions = (
				en,
				Base,
			);
			mainGroup = 390ED631293A813F00F2BD1F;
			productRefGroup = 390ED63B293A813F00F2BD1F /* Products */;
			projectDirPath = "";
			projectRoot = "";
			targets = (
				390ED639293A813F00F2BD1F /* WeatherForecast */,
			);
		};
/* End PBXProject section */

/* Begin PBXResourcesBuildPhase section */
		390ED638293A813F00F2BD1F /* Resources */ = {
			isa = PBXResourcesBuildPhase;
			buildActionMask = 2147483647;
			files = (
				390ED65B293BEA9100F2BD1F /* TestTaskJSON.json in Resources */,
				390ED64A293A814000F2BD1F /* LaunchScreen.storyboard in Resources */,
				390ED647293A814000F2BD1F /* Assets.xcassets in Resources */,
			);
			runOnlyForDeploymentPostprocessing = 0;
		};
/* End PBXResourcesBuildPhase section */

/* Begin PBXSourcesBuildPhase section */
		390ED636293A813F00F2BD1F /* Sources */ = {
			isa = PBXSourcesBuildPhase;
			buildActionMask = 2147483647;
			files = (
				390ED642293A813F00F2BD1F /* MainWeatherViewController.swift in Sources */,
				390ED660293C0CF600F2BD1F /* DataManager.swift in Sources */,
				390ED662293C173900F2BD1F /* WeatherPresenter.swift in Sources */,
				390ED655293A94DC00F2BD1F /* UIView + Extension .swift in Sources */,
				390ED63E293A813F00F2BD1F /* AppDelegate.swift in Sources */,
				390ED640293A813F00F2BD1F /* SceneDelegate.swift in Sources */,
				390ED65D293BEBD000F2BD1F /* WeatherModel.swift in Sources */,
			);
			runOnlyForDeploymentPostprocessing = 0;
		};
/* End PBXSourcesBuildPhase section */

/* Begin PBXVariantGroup section */
		390ED648293A814000F2BD1F /* LaunchScreen.storyboard */ = {
			isa = PBXVariantGroup;
			children = (
				390ED649293A814000F2BD1F /* Base */,
			);
			name = LaunchScreen.storyboard;
			sourceTree = "<group>";
		};
/* End PBXVariantGroup section */

/* Begin XCBuildConfiguration section */
		390ED64C293A814000F2BD1F /* Debug */ = {
			isa = XCBuildConfiguration;
			buildSettings = {
				ALWAYS_SEARCH_USER_PATHS = NO;
				CLANG_ANALYZER_NONNULL = YES;
				CLANG_ANALYZER_NUMBER_OBJECT_CONVERSION = YES_AGGRESSIVE;
				CLANG_CXX_LANGUAGE_STANDARD = "gnu++20";
				CLANG_ENABLE_MODULES = YES;
				CLANG_ENABLE_OBJC_ARC = YES;
				CLANG_ENABLE_OBJC_WEAK = YES;
				CLANG_WARN_BLOCK_CAPTURE_AUTORELEASING = YES;
				CLANG_WARN_BOOL_CONVERSION = YES;
				CLANG_WARN_COMMA = YES;
				CLANG_WARN_CONSTANT_CONVERSION = YES;
				CLANG_WARN_DEPRECATED_OBJC_IMPLEMENTATIONS = YES;
				CLANG_WARN_DIRECT_OBJC_ISA_USAGE = YES_ERROR;
				CLANG_WARN_DOCUMENTATION_COMMENTS = YES;
				CLANG_WARN_EMPTY_BODY = YES;
				CLANG_WARN_ENUM_CONVERSION = YES;
				CLANG_WARN_INFINITE_RECURSION = YES;
				CLANG_WARN_INT_CONVERSION = YES;
				CLANG_WARN_NON_LITERAL_NULL_CONVERSION = YES;
				CLANG_WARN_OBJC_IMPLICIT_RETAIN_SELF = YES;
				CLANG_WARN_OBJC_LITERAL_CONVERSION = YES;
				CLANG_WARN_OBJC_ROOT_CLASS = YES_ERROR;
				CLANG_WARN_QUOTED_INCLUDE_IN_FRAMEWORK_HEADER = YES;
				CLANG_WARN_RANGE_LOOP_ANALYSIS = YES;
				CLANG_WARN_STRICT_PROTOTYPES = YES;
				CLANG_WARN_SUSPICIOUS_MOVE = YES;
				CLANG_WARN_UNGUARDED_AVAILABILITY = YES_AGGRESSIVE;
				CLANG_WARN_UNREACHABLE_CODE = YES;
				CLANG_WARN__DUPLICATE_METHOD_MATCH = YES;
				COPY_PHASE_STRIP = NO;
				DEBUG_INFORMATION_FORMAT = dwarf;
				ENABLE_STRICT_OBJC_MSGSEND = YES;
				ENABLE_TESTABILITY = YES;
				GCC_C_LANGUAGE_STANDARD = gnu11;
				GCC_DYNAMIC_NO_PIC = NO;
				GCC_NO_COMMON_BLOCKS = YES;
				GCC_OPTIMIZATION_LEVEL = 0;
				GCC_PREPROCESSOR_DEFINITIONS = (
					"DEBUG=1",
					"$(inherited)",
				);
				GCC_WARN_64_TO_32_BIT_CONVERSION = YES;
				GCC_WARN_ABOUT_RETURN_TYPE = YES_ERROR;
				GCC_WARN_UNDECLARED_SELECTOR = YES;
				GCC_WARN_UNINITIALIZED_AUTOS = YES_AGGRESSIVE;
				GCC_WARN_UNUSED_FUNCTION = YES;
				GCC_WARN_UNUSED_VARIABLE = YES;
				IPHONEOS_DEPLOYMENT_TARGET = 16.1;
				MTL_ENABLE_DEBUG_INFO = INCLUDE_SOURCE;
				MTL_FAST_MATH = YES;
				ONLY_ACTIVE_ARCH = YES;
				SDKROOT = iphoneos;
				SWIFT_ACTIVE_COMPILATION_CONDITIONS = DEBUG;
				SWIFT_OPTIMIZATION_LEVEL = "-Onone";
			};
			name = Debug;
		};
		390ED64D293A814000F2BD1F /* Release */ = {
			isa = XCBuildConfiguration;
			buildSettings = {
				ALWAYS_SEARCH_USER_PATHS = NO;
				CLANG_ANALYZER_NONNULL = YES;
				CLANG_ANALYZER_NUMBER_OBJECT_CONVERSION = YES_AGGRESSIVE;
				CLANG_CXX_LANGUAGE_STANDARD = "gnu++20";
				CLANG_ENABLE_MODULES = YES;
				CLANG_ENABLE_OBJC_ARC = YES;
				CLANG_ENABLE_OBJC_WEAK = YES;
				CLANG_WARN_BLOCK_CAPTURE_AUTORELEASING = YES;
				CLANG_WARN_BOOL_CONVERSION = YES;
				CLANG_WARN_COMMA = YES;
				CLANG_WARN_CONSTANT_CONVERSION = YES;
				CLANG_WARN_DEPRECATED_OBJC_IMPLEMENTATIONS = YES;
				CLANG_WARN_DIRECT_OBJC_ISA_USAGE = YES_ERROR;
				CLANG_WARN_DOCUMENTATION_COMMENTS = YES;
				CLANG_WARN_EMPTY_BODY = YES;
				CLANG_WARN_ENUM_CONVERSION = YES;
				CLANG_WARN_INFINITE_RECURSION = YES;
				CLANG_WARN_INT_CONVERSION = YES;
				CLANG_WARN_NON_LITERAL_NULL_CONVERSION = YES;
				CLANG_WARN_OBJC_IMPLICIT_RETAIN_SELF = YES;
				CLANG_WARN_OBJC_LITERAL_CONVERSION = YES;
				CLANG_WARN_OBJC_ROOT_CLASS = YES_ERROR;
				CLANG_WARN_QUOTED_INCLUDE_IN_FRAMEWORK_HEADER = YES;
				CLANG_WARN_RANGE_LOOP_ANALYSIS = YES;
				CLANG_WARN_STRICT_PROTOTYPES = YES;
				CLANG_WARN_SUSPICIOUS_MOVE = YES;
				CLANG_WARN_UNGUARDED_AVAILABILITY = YES_AGGRESSIVE;
				CLANG_WARN_UNREACHABLE_CODE = YES;
				CLANG_WARN__DUPLICATE_METHOD_MATCH = YES;
				COPY_PHASE_STRIP = NO;
				DEBUG_INFORMATION_FORMAT = "dwarf-with-dsym";
				ENABLE_NS_ASSERTIONS = NO;
				ENABLE_STRICT_OBJC_MSGSEND = YES;
				GCC_C_LANGUAGE_STANDARD = gnu11;
				GCC_NO_COMMON_BLOCKS = YES;
				GCC_WARN_64_TO_32_BIT_CONVERSION = YES;
				GCC_WARN_ABOUT_RETURN_TYPE = YES_ERROR;
				GCC_WARN_UNDECLARED_SELECTOR = YES;
				GCC_WARN_UNINITIALIZED_AUTOS = YES_AGGRESSIVE;
				GCC_WARN_UNUSED_FUNCTION = YES;
				GCC_WARN_UNUSED_VARIABLE = YES;
				IPHONEOS_DEPLOYMENT_TARGET = 16.1;
				MTL_ENABLE_DEBUG_INFO = NO;
				MTL_FAST_MATH = YES;
				SDKROOT = iphoneos;
				SWIFT_COMPILATION_MODE = wholemodule;
				SWIFT_OPTIMIZATION_LEVEL = "-O";
				VALIDATE_PRODUCT = YES;
			};
			name = Release;
		};
		390ED64F293A814000F2BD1F /* Debug */ = {
			isa = XCBuildConfiguration;
			buildSettings = {
				ASSETCATALOG_COMPILER_APPICON_NAME = AppIcon;
				ASSETCATALOG_COMPILER_GLOBAL_ACCENT_COLOR_NAME = AccentColor;
				CODE_SIGN_STYLE = Automatic;
				CURRENT_PROJECT_VERSION = 1;
				DEVELOPMENT_TEAM = XPQ67UU8AY;
				GENERATE_INFOPLIST_FILE = YES;
				INFOPLIST_FILE = WeatherForecast/Application/Info.plist;
				INFOPLIST_KEY_UIApplicationSupportsIndirectInputEvents = YES;
				INFOPLIST_KEY_UILaunchStoryboardName = LaunchScreen;
				INFOPLIST_KEY_UISupportedInterfaceOrientations = UIInterfaceOrientationPortrait;
				IPHONEOS_DEPLOYMENT_TARGET = 13.0;
				LD_RUNPATH_SEARCH_PATHS = (
					"$(inherited)",
					"@executable_path/Frameworks",
				);
				MARKETING_VERSION = 1.0;
				PRODUCT_BUNDLE_IDENTIFIER = "Artyom-Beldeiko.WeatherForecast";
				PRODUCT_NAME = "$(TARGET_NAME)";
				SUPPORTED_PLATFORMS = "iphoneos iphonesimulator";
				SUPPORTS_MACCATALYST = NO;
				SUPPORTS_MAC_DESIGNED_FOR_IPHONE_IPAD = YES;
				SWIFT_EMIT_LOC_STRINGS = YES;
				SWIFT_VERSION = 5.0;
				TARGETED_DEVICE_FAMILY = 1;
			};
			name = Debug;
		};
		390ED650293A814000F2BD1F /* Release */ = {
			isa = XCBuildConfiguration;
			buildSettings = {
				ASSETCATALOG_COMPILER_APPICON_NAME = AppIcon;
				ASSETCATALOG_COMPILER_GLOBAL_ACCENT_COLOR_NAME = AccentColor;
				CODE_SIGN_STYLE = Automatic;
				CURRENT_PROJECT_VERSION = 1;
				DEVELOPMENT_TEAM = XPQ67UU8AY;
				GENERATE_INFOPLIST_FILE = YES;
				INFOPLIST_FILE = WeatherForecast/Application/Info.plist;
				INFOPLIST_KEY_UIApplicationSupportsIndirectInputEvents = YES;
				INFOPLIST_KEY_UILaunchStoryboardName = LaunchScreen;
				INFOPLIST_KEY_UISupportedInterfaceOrientations = UIInterfaceOrientationPortrait;
				IPHONEOS_DEPLOYMENT_TARGET = 13.0;
				LD_RUNPATH_SEARCH_PATHS = (
					"$(inherited)",
					"@executable_path/Frameworks",
				);
				MARKETING_VERSION = 1.0;
				PRODUCT_BUNDLE_IDENTIFIER = "Artyom-Beldeiko.WeatherForecast";
				PRODUCT_NAME = "$(TARGET_NAME)";
				SUPPORTED_PLATFORMS = "iphoneos iphonesimulator";
				SUPPORTS_MACCATALYST = NO;
				SUPPORTS_MAC_DESIGNED_FOR_IPHONE_IPAD = YES;
				SWIFT_EMIT_LOC_STRINGS = YES;
				SWIFT_VERSION = 5.0;
				TARGETED_DEVICE_FAMILY = 1;
			};
			name = Release;
		};
/* End XCBuildConfiguration section */

/* Begin XCConfigurationList section */
		390ED635293A813F00F2BD1F /* Build configuration list for PBXProject "WeatherForecast" */ = {
			isa = XCConfigurationList;
			buildConfigurations = (
				390ED64C293A814000F2BD1F /* Debug */,
				390ED64D293A814000F2BD1F /* Release */,
			);
			defaultConfigurationIsVisible = 0;
			defaultConfigurationName = Release;
		};
		390ED64E293A814000F2BD1F /* Build configuration list for PBXNativeTarget "WeatherForecast" */ = {
			isa = XCConfigurationList;
			buildConfigurations = (
				390ED64F293A814000F2BD1F /* Debug */,
				390ED650293A814000F2BD1F /* Release */,
			);
			defaultConfigurationIsVisible = 0;
			defaultConfigurationName = Release;
		};
/* End XCConfigurationList section */
	};
	rootObject = 390ED632293A813F00F2BD1F /* Project object */;
}
